
Microsoft Visual Studio Solution File, Format Version 12.00
# Visual Studio 15
VisualStudioVersion = 15.0.28307.779
MinimumVisualStudioVersion = 10.0.40219.1
Project("{FAE04EC0-301F-11D3-BF4B-00C04F79EFBC}") = "Poczatek", "ConsoleApp1\Poczatek.csproj", "{C8F539AB-D72A-445D-BA57-D03AE6E6E9F0}"
EndProject
Project("{FAE04EC0-301F-11D3-BF4B-00C04F79EFBC}") = "ZadaniaInt", "ConsoleApp2\ZadaniaInt.csproj", "{50B61961-A344-485C-A6F9-5184A9D6DAE4}"
EndProject
Global
	GlobalSection(SolutionConfigurationPlatforms) = preSolution
		Debug|Any CPU = Debug|Any CPU
		Release|Any CPU = Release|Any CPU
	EndGlobalSection
	GlobalSection(ProjectConfigurationPlatforms) = postSolution
		{C8F539AB-D72A-445D-BA57-D03AE6E6E9F0}.Debug|Any CPU.ActiveCfg = Debug|Any CPU
		{C8F539AB-D72A-445D-BA57-D03AE6E6E9F0}.Debug|Any CPU.Build.0 = Debug|Any CPU
		{C8F539AB-D72A-445D-BA57-D03AE6E6E9F0}.Release|Any CPU.ActiveCfg = Release|Any CPU
		{C8F539AB-D72A-445D-BA57-D03AE6E6E9F0}.Release|Any CPU.Build.0 = Release|Any CPU
		{50B61961-A344-485C-A6F9-5184A9D6DAE4}.Debug|Any CPU.ActiveCfg = Debug|Any CPU
		{50B61961-A344-485C-A6F9-5184A9D6DAE4}.Debug|Any CPU.Build.0 = Debug|Any CPU
		{50B61961-A344-485C-A6F9-5184A9D6DAE4}.Release|Any CPU.ActiveCfg = Release|Any CPU
		{50B61961-A344-485C-A6F9-5184A9D6DAE4}.Release|Any CPU.Build.0 = Release|Any CPU
	EndGlobalSection
	GlobalSection(SolutionProperties) = preSolution
		HideSolutionNode = FALSE
	EndGlobalSection
	GlobalSection(ExtensibilityGlobals) = postSolution
		SolutionGuid = {F7D82302-73F3-4641-976E-5AFAF2C4D00A}
	EndGlobalSection
EndGlobal
